
Microsoft Visual Studio Solution File, Format Version 12.00
# Visual Studio 15
VisualStudioVersion = 15.0.27130.2027
MinimumVisualStudioVersion = 10.0.40219.1
Project("{F184B08F-C81C-45F6-A57F-5ABD9991F28F}") = "YS2dmapeditor", "YS2dmapeditor\YS2dmapeditor.vbproj", "{1E83B6DF-F1D6-4153-BA22-1DF75EF742B6}"
EndProject
Global
	GlobalSection(SolutionConfigurationPlatforms) = preSolution
		Debug|Any CPU = Debug|Any CPU
		Release|Any CPU = Release|Any CPU
	EndGlobalSection
	GlobalSection(ProjectConfigurationPlatforms) = postSolution
		{1E83B6DF-F1D6-4153-BA22-1DF75EF742B6}.Debug|Any CPU.ActiveCfg = Debug|Any CPU
		{1E83B6DF-F1D6-4153-BA22-1DF75EF742B6}.Debug|Any CPU.Build.0 = Debug|Any CPU
		{1E83B6DF-F1D6-4153-BA22-1DF75EF742B6}.Release|Any CPU.ActiveCfg = Release|Any CPU
		{1E83B6DF-F1D6-4153-BA22-1DF75EF742B6}.Release|Any CPU.Build.0 = Release|Any CPU
	EndGlobalSection
	GlobalSection(SolutionProperties) = preSolution
		HideSolutionNode = FALSE
	EndGlobalSection
	GlobalSection(ExtensibilityGlobals) = postSolution
		SolutionGuid = {1C5DD55D-7B12-4C40-B497-5E9D6F51232B}
	EndGlobalSection
EndGlobal
